
Microsoft Visual Studio Solution File, Format Version 12.00
# Visual Studio 15
VisualStudioVersion = 15.0.27004.2009
MinimumVisualStudioVersion = 10.0.40219.1
Project("{FAE04EC0-301F-11D3-BF4B-00C04F79EFBC}") = "Declaring  Methods Lab", "Declaring  Methods Lab\Declaring  Methods Lab.csproj", "{A2523F34-2FCA-4258-B58E-909840E992D7}"
EndProject
Project("{FAE04EC0-301F-11D3-BF4B-00C04F79EFBC}") = "Sign of Integer Number", "Sign of Integer Number\Sign of Integer Number.csproj", "{815961D1-DD0F-4DAE-B010-B574A9E7D2F2}"
EndProject
Project("{FAE04EC0-301F-11D3-BF4B-00C04F79EFBC}") = "Printing Triangle", "Printing Triangle\Printing Triangle.csproj", "{D689EA70-7863-4634-88ED-4C0789ECE391}"
EndProject
Project("{FAE04EC0-301F-11D3-BF4B-00C04F79EFBC}") = "Draw a Filled Square", "Draw a Filled Square\Draw a Filled Square.csproj", "{8D743A19-6D18-4C60-AC1A-0A3595BCB528}"
EndProject
Project("{FAE04EC0-301F-11D3-BF4B-00C04F79EFBC}") = "Temperature Conversion", "Temperature Conversion\Temperature Conversion.csproj", "{4F1FB970-8095-4B09-B8D9-B09CD6C73E94}"
EndProject
Project("{FAE04EC0-301F-11D3-BF4B-00C04F79EFBC}") = "TriangleArea", "TriangleArea\TriangleArea.csproj", "{D726BCAF-D7BB-4DAC-94FB-B9E20CCD63AE}"
EndProject
Project("{FAE04EC0-301F-11D3-BF4B-00C04F79EFBC}") = "MathPower", "MathPower\MathPower.csproj", "{0C67B1F5-BA6F-4A6B-B1B3-992B28A325AE}"
EndProject
Project("{FAE04EC0-301F-11D3-BF4B-00C04F79EFBC}") = "Greater of Two Values", "Greater of Two Values\Greater of Two Values.csproj", "{BCBB05D9-8AE0-4452-926B-612129B7DEFD}"
EndProject
Project("{FAE04EC0-301F-11D3-BF4B-00C04F79EFBC}") = "Multiply Evens by Odds", "Multiply Evens by Odds\Multiply Evens by Odds.csproj", "{FAA193DD-02BA-43CB-A872-BEBDE2B49B73}"
EndProject
Project("{FAE04EC0-301F-11D3-BF4B-00C04F79EFBC}") = "Debug the Code", "Debug the Code\Debug the Code.csproj", "{46DC6FC7-5DD8-4440-B3C9-72E4A928E2E6}"
EndProject
Global
	GlobalSection(SolutionConfigurationPlatforms) = preSolution
		Debug|Any CPU = Debug|Any CPU
		Release|Any CPU = Release|Any CPU
	EndGlobalSection
	GlobalSection(ProjectConfigurationPlatforms) = postSolution
		{A2523F34-2FCA-4258-B58E-909840E992D7}.Debug|Any CPU.ActiveCfg = Debug|Any CPU
		{A2523F34-2FCA-4258-B58E-909840E992D7}.Debug|Any CPU.Build.0 = Debug|Any CPU
		{A2523F34-2FCA-4258-B58E-909840E992D7}.Release|Any CPU.ActiveCfg = Release|Any CPU
		{A2523F34-2FCA-4258-B58E-909840E992D7}.Release|Any CPU.Build.0 = Release|Any CPU
		{815961D1-DD0F-4DAE-B010-B574A9E7D2F2}.Debug|Any CPU.ActiveCfg = Debug|Any CPU
		{815961D1-DD0F-4DAE-B010-B574A9E7D2F2}.Debug|Any CPU.Build.0 = Debug|Any CPU
		{815961D1-DD0F-4DAE-B010-B574A9E7D2F2}.Release|Any CPU.ActiveCfg = Release|Any CPU
		{815961D1-DD0F-4DAE-B010-B574A9E7D2F2}.Release|Any CPU.Build.0 = Release|Any CPU
		{D689EA70-7863-4634-88ED-4C0789ECE391}.Debug|Any CPU.ActiveCfg = Debug|Any CPU
		{D689EA70-7863-4634-88ED-4C0789ECE391}.Debug|Any CPU.Build.0 = Debug|Any CPU
		{D689EA70-7863-4634-88ED-4C0789ECE391}.Release|Any CPU.ActiveCfg = Release|Any CPU
		{D689EA70-7863-4634-88ED-4C0789ECE391}.Release|Any CPU.Build.0 = Release|Any CPU
		{8D743A19-6D18-4C60-AC1A-0A3595BCB528}.Debug|Any CPU.ActiveCfg = Debug|Any CPU
		{8D743A19-6D18-4C60-AC1A-0A3595BCB528}.Debug|Any CPU.Build.0 = Debug|Any CPU
		{8D743A19-6D18-4C60-AC1A-0A3595BCB528}.Release|Any CPU.ActiveCfg = Release|Any CPU
		{8D743A19-6D18-4C60-AC1A-0A3595BCB528}.Release|Any CPU.Build.0 = Release|Any CPU
		{4F1FB970-8095-4B09-B8D9-B09CD6C73E94}.Debug|Any CPU.ActiveCfg = Debug|Any CPU
		{4F1FB970-8095-4B09-B8D9-B09CD6C73E94}.Debug|Any CPU.Build.0 = Debug|Any CPU
		{4F1FB970-8095-4B09-B8D9-B09CD6C73E94}.Release|Any CPU.ActiveCfg = Release|Any CPU
		{4F1FB970-8095-4B09-B8D9-B09CD6C73E94}.Release|Any CPU.Build.0 = Release|Any CPU
		{D726BCAF-D7BB-4DAC-94FB-B9E20CCD63AE}.Debug|Any CPU.ActiveCfg = Debug|Any CPU
		{D726BCAF-D7BB-4DAC-94FB-B9E20CCD63AE}.Debug|Any CPU.Build.0 = Debug|Any CPU
		{D726BCAF-D7BB-4DAC-94FB-B9E20CCD63AE}.Release|Any CPU.ActiveCfg = Release|Any CPU
		{D726BCAF-D7BB-4DAC-94FB-B9E20CCD63AE}.Release|Any CPU.Build.0 = Release|Any CPU
		{0C67B1F5-BA6F-4A6B-B1B3-992B28A325AE}.Debug|Any CPU.ActiveCfg = Debug|Any CPU
		{0C67B1F5-BA6F-4A6B-B1B3-992B28A325AE}.Debug|Any CPU.Build.0 = Debug|Any CPU
		{0C67B1F5-BA6F-4A6B-B1B3-992B28A325AE}.Release|Any CPU.ActiveCfg = Release|Any CPU
		{0C67B1F5-BA6F-4A6B-B1B3-992B28A325AE}.Release|Any CPU.Build.0 = Release|Any CPU
		{BCBB05D9-8AE0-4452-926B-612129B7DEFD}.Debug|Any CPU.ActiveCfg = Debug|Any CPU
		{BCBB05D9-8AE0-4452-926B-612129B7DEFD}.Debug|Any CPU.Build.0 = Debug|Any CPU
		{BCBB05D9-8AE0-4452-926B-612129B7DEFD}.Release|Any CPU.ActiveCfg = Release|Any CPU
		{BCBB05D9-8AE0-4452-926B-612129B7DEFD}.Release|Any CPU.Build.0 = Release|Any CPU
		{FAA193DD-02BA-43CB-A872-BEBDE2B49B73}.Debug|Any CPU.ActiveCfg = Debug|Any CPU
		{FAA193DD-02BA-43CB-A872-BEBDE2B49B73}.Debug|Any CPU.Build.0 = Debug|Any CPU
		{FAA193DD-02BA-43CB-A872-BEBDE2B49B73}.Release|Any CPU.ActiveCfg = Release|Any CPU
		{FAA193DD-02BA-43CB-A872-BEBDE2B49B73}.Release|Any CPU.Build.0 = Release|Any CPU
		{46DC6FC7-5DD8-4440-B3C9-72E4A928E2E6}.Debug|Any CPU.ActiveCfg = Debug|Any CPU
		{46DC6FC7-5DD8-4440-B3C9-72E4A928E2E6}.Debug|Any CPU.Build.0 = Debug|Any CPU
		{46DC6FC7-5DD8-4440-B3C9-72E4A928E2E6}.Release|Any CPU.ActiveCfg = Release|Any CPU
		{46DC6FC7-5DD8-4440-B3C9-72E4A928E2E6}.Release|Any CPU.Build.0 = Release|Any CPU
	EndGlobalSection
	GlobalSection(SolutionProperties) = preSolution
		HideSolutionNode = FALSE
	EndGlobalSection
	GlobalSection(ExtensibilityGlobals) = postSolution
		SolutionGuid = {8BECF48C-002D-478A-839B-E1A1C8ADF032}
	EndGlobalSection
EndGlobal
